
Microsoft Visual Studio Solution File, Format Version 12.00
# Visual Studio 15
VisualStudioVersion = 15.0.25920.0
MinimumVisualStudioVersion = 10.0.40219.1
Project("{F2A71F9B-5D33-465A-A702-920D77279786}") = "ProjectCheckerTask", "ProjectCheckerTask\ProjectCheckerTask.fsproj", "{F02E14B7-F4CD-430F-9078-B3F06A67C404}"
EndProject
Project("{F2A71F9B-5D33-465A-A702-920D77279786}") = "ProjectCheckerTask.Test", "ProjectCheckerTask.Test\ProjectCheckerTask.Test.fsproj", "{60ED46EC-DD42-4713-BA7C-4E225564F42A}"
EndProject
Project("{F2A71F9B-5D33-465A-A702-920D77279786}") = "ProjectCheckerRunner", "ProjectCheckerRunner\ProjectCheckerRunner.fsproj", "{08505DFA-D451-4191-BC11-3F9DC53972DB}"
EndProject
Project("{F2A71F9B-5D33-465A-A702-920D77279786}") = "MSbuildPackageDiagramCreator", "MSbuildPackageDiagramCreator\MSbuildPackageDiagramCreator.fsproj", "{29432B5E-7D75-482B-9840-BCBCC9F0E659}"
EndProject
Project("{6EC3EE1D-3C4E-46DD-8F32-0CC8E7565705}") = "MsbuildAutomationHelperSigned", "MsbuildAutomationHelper\MsbuildAutomationHelper.fsproj", "{49F98A4D-DA45-4E7A-8E37-70D62A036283}"
EndProject
Project("{2150E333-8FDC-42A3-9474-1A3956D46DE8}") = "Solution Items", "Solution Items", "{C015577B-7995-4933-9193-5B4D7BA4E423}"
	ProjectSection(SolutionItems) = preProject
		nuget\MSbuildPackageDiagramCreator.nuspec = nuget\MSbuildPackageDiagramCreator.nuspec
		nuget\ProjectCheckerRunner.nuspec = nuget\ProjectCheckerRunner.nuspec
	EndProjectSection
EndProject
Project("{FAE04EC0-301F-11D3-BF4B-00C04F79EFBC}") = "MsbuildAutomationHelper.Test", "MsbuildAutomationHelper.Test\MsbuildAutomationHelper.Test.csproj", "{0FF92C27-5663-47D4-8B79-C808830108F8}"
EndProject
Project("{2150E333-8FDC-42A3-9474-1A3956D46DE8}") = "Api", "Api", "{1E9F268B-1497-4D94-BA64-B677CCADBC27}"
EndProject
Project("{2150E333-8FDC-42A3-9474-1A3956D46DE8}") = "Test", "Test", "{038A55D7-123D-40E3-A3B9-7B09A3138F26}"
EndProject
Global
	GlobalSection(SolutionConfigurationPlatforms) = preSolution
		Debug|Any CPU = Debug|Any CPU
		Release|Any CPU = Release|Any CPU
	EndGlobalSection
	GlobalSection(ProjectConfigurationPlatforms) = postSolution
		{F02E14B7-F4CD-430F-9078-B3F06A67C404}.Debug|Any CPU.ActiveCfg = Debug|Any CPU
		{F02E14B7-F4CD-430F-9078-B3F06A67C404}.Debug|Any CPU.Build.0 = Debug|Any CPU
		{F02E14B7-F4CD-430F-9078-B3F06A67C404}.Release|Any CPU.ActiveCfg = Release|Any CPU
		{F02E14B7-F4CD-430F-9078-B3F06A67C404}.Release|Any CPU.Build.0 = Release|Any CPU
		{60ED46EC-DD42-4713-BA7C-4E225564F42A}.Debug|Any CPU.ActiveCfg = Debug|Any CPU
		{60ED46EC-DD42-4713-BA7C-4E225564F42A}.Debug|Any CPU.Build.0 = Debug|Any CPU
		{60ED46EC-DD42-4713-BA7C-4E225564F42A}.Release|Any CPU.ActiveCfg = Release|Any CPU
		{60ED46EC-DD42-4713-BA7C-4E225564F42A}.Release|Any CPU.Build.0 = Release|Any CPU
		{08505DFA-D451-4191-BC11-3F9DC53972DB}.Debug|Any CPU.ActiveCfg = Debug|Any CPU
		{08505DFA-D451-4191-BC11-3F9DC53972DB}.Debug|Any CPU.Build.0 = Debug|Any CPU
		{08505DFA-D451-4191-BC11-3F9DC53972DB}.Release|Any CPU.ActiveCfg = Release|Any CPU
		{08505DFA-D451-4191-BC11-3F9DC53972DB}.Release|Any CPU.Build.0 = Release|Any CPU
		{29432B5E-7D75-482B-9840-BCBCC9F0E659}.Debug|Any CPU.ActiveCfg = Debug|Any CPU
		{29432B5E-7D75-482B-9840-BCBCC9F0E659}.Debug|Any CPU.Build.0 = Debug|Any CPU
		{29432B5E-7D75-482B-9840-BCBCC9F0E659}.Release|Any CPU.ActiveCfg = Release|Any CPU
		{29432B5E-7D75-482B-9840-BCBCC9F0E659}.Release|Any CPU.Build.0 = Release|Any CPU
		{49F98A4D-DA45-4E7A-8E37-70D62A036283}.Debug|Any CPU.ActiveCfg = Debug|Any CPU
		{49F98A4D-DA45-4E7A-8E37-70D62A036283}.Debug|Any CPU.Build.0 = Debug|Any CPU
		{49F98A4D-DA45-4E7A-8E37-70D62A036283}.Release|Any CPU.ActiveCfg = Release|Any CPU
		{49F98A4D-DA45-4E7A-8E37-70D62A036283}.Release|Any CPU.Build.0 = Release|Any CPU
		{0FF92C27-5663-47D4-8B79-C808830108F8}.Debug|Any CPU.ActiveCfg = Debug|Any CPU
		{0FF92C27-5663-47D4-8B79-C808830108F8}.Release|Any CPU.ActiveCfg = Release|Any CPU
	EndGlobalSection
	GlobalSection(SolutionProperties) = preSolution
		HideSolutionNode = FALSE
	EndGlobalSection
	GlobalSection(NestedProjects) = preSolution
		{60ED46EC-DD42-4713-BA7C-4E225564F42A} = {038A55D7-123D-40E3-A3B9-7B09A3138F26}
		{49F98A4D-DA45-4E7A-8E37-70D62A036283} = {1E9F268B-1497-4D94-BA64-B677CCADBC27}
		{F5289289-0822-40CD-8B4B-9C98B6A7D185} = {1E9F268B-1497-4D94-BA64-B677CCADBC27}
		{0FF92C27-5663-47D4-8B79-C808830108F8} = {038A55D7-123D-40E3-A3B9-7B09A3138F26}
	EndGlobalSection
	GlobalSection(ExtensibilityGlobals) = postSolution
		SolutionGuid = {8ADC6B9B-6951-4EC3-B90E-34826B39326E}
	EndGlobalSection
EndGlobal
